packages:
  ariane:
    revision: null
    version: null
    source:
      Path: src/ips/ariane
    dependencies:
    - axi
    - common_cells
    - fpnew
    - tech_cells_generic
  axi:
    revision: null
    version: null
    source:
      Path: src/ips/axi
    dependencies:
    - common_cells
    - common_verification
    - tech_cells_generic
  common_cells:
    revision: null
    version: null
    source:
      Path: src/ips/common_cells
    dependencies:
    - common_verification
    - tech_cells_generic
  common_verification:
    revision: null
    version: null
    source:
      Path: src/ips/common_verification
    dependencies: []
  cv_x_if:
    revision: null
    version: null
    source:
      Path: src/ips/cv_x_if
    dependencies: []
  fpnew:
    revision: null
    version: null
    source:
      Path: src/ips/fpnew
    dependencies:
    - common_cells
    - fpu_div_sqrt_mvp
  fpu_div_sqrt_mvp:
    revision: null
    version: null
    source:
      Path: src/ips/fpu_div_sqrt_mvp
    dependencies:
    - common_cells
  matrix_accelerator:
    revision: null
    version: null
    source:
      Path: src/ips/matrix_accelerator
    dependencies:
    - axi
    - common_cells
    - cv_x_if
    - poly_mem
  poly_mem:
    revision: null
    version: null
    source:
      Path: src/ips/poly_mem
    dependencies: []
  tech_cells_generic:
    revision: null
    version: null
    source:
      Path: src/ips/tech_cells_generic
    dependencies:
    - common_verification
