packages:
  axi:
    revision: 69b2dc5b28379855415f4b007b624648a02431bc
    version: null
    source:
      Git: https://github.com/pulp-platform/axi.git
    dependencies:
    - common_cells
    - common_verification
    - tech_cells_generic
  common_cells:
    revision: 9afda9abb565971649c2aa0985639c096f351171
    version: 1.38.0
    source:
      Git: https://github.com/pulp-platform/common_cells.git
    dependencies:
    - common_verification
    - tech_cells_generic
  common_verification:
    revision: fb1885f48ea46164a10568aeff51884389f67ae3
    version: 0.2.5
    source:
      Git: https://github.com/pulp-platform/common_verification.git
    dependencies: []
  cv_x_if:
    revision: 385684e97a8217581fcacabb9fc9196c67ef4c02
    version: null
    source:
      Git: https://github.com/alex2kameboss/core-v-xif-fix.git
    dependencies: []
  cva6:
    revision: 2ef1c1b1fca419354920c5487293bc605294904e
    version: 5.3.0
    source:
      Git: https://github.com/openhwgroup/cva6.git
    dependencies:
    - axi
    - common_cells
    - fpnew
    - tech_cells_generic
  fpnew:
    revision: 3116391bf66660f806b45e212b9949c528b4e270
    version: 0.7.0
    source:
      Git: https://github.com/openhwgroup/cvfpu.git
    dependencies:
    - common_cells
    - fpu_div_sqrt_mvp
  fpu_div_sqrt_mvp:
    revision: 86e1f558b3c95e91577c41b2fc452c86b04e85ac
    version: 1.0.4
    source:
      Git: https://github.com/pulp-platform/fpu_div_sqrt_mvp.git
    dependencies:
    - common_cells
  matrix_accelerator:
    revision: 509f1c6e6ea302963721aec6bad59982325b560c
    version: 1.0.0
    source:
      Git: https://github.com/alex2kameboss/MatrixAccelerator.git
    dependencies:
    - axi
    - common_cells
    - cv_x_if
    - poly_mem
  poly_mem:
    revision: 798baebb4b6f5f0352bafe63088a9b7247238f9d
    version: null
    source:
      Git: https://gitlab.com/catalin.ciobanu/PolyMem_System_Verilog.git
    dependencies: []
  tech_cells_generic:
    revision: 7968dd6e6180df2c644636bc6d2908a49f2190cf
    version: 0.2.13
    source:
      Git: https://github.com/pulp-platform/tech_cells_generic.git
    dependencies:
    - common_verification
